// !$*UTF8*$!
{
	archiveVersion = 1;
	classes = {
	};
	objectVersion = 77;
	objects = {

/* Begin PBXContainerItemProxy section */
		A303B2382D5F148E008C16F0 /* PBXContainerItemProxy */ = {
			isa = PBXContainerItemProxy;
			containerPortal = A303B21F2D5F148B008C16F0 /* Project object */;
			proxyType = 1;
			remoteGlobalIDString = A303B2262D5F148B008C16F0;
			remoteInfo = "alarm-play-app";
		};
		A303B2422D5F148E008C16F0 /* PBXContainerItemProxy */ = {
			isa = PBXContainerItemProxy;
			containerPortal = A303B21F2D5F148B008C16F0 /* Project object */;
			proxyType = 1;
			remoteGlobalIDString = A303B2262D5F148B008C16F0;
			remoteInfo = "alarm-play-app";
		};
/* End PBXContainerItemProxy section */

/* Begin PBXFileReference section */
		A303B2272D5F148B008C16F0 /* alarm-play-app.app */ = {isa = PBXFileReference; explicitFileType = wrapper.application; includeInIndex = 0; path = "alarm-play-app.app"; sourceTree = BUILT_PRODUCTS_DIR; };
		A303B2372D5F148E008C16F0 /* alarm-play-appTests.xctest */ = {isa = PBXFileReference; explicitFileType = wrapper.cfbundle; includeInIndex = 0; path = "alarm-play-appTests.xctest"; sourceTree = BUILT_PRODUCTS_DIR; };
		A303B2412D5F148E008C16F0 /* alarm-play-appUITests.xctest */ = {isa = PBXFileReference; explicitFileType = wrapper.cfbundle; includeInIndex = 0; path = "alarm-play-appUITests.xctest"; sourceTree = BUILT_PRODUCTS_DIR; };
/* End PBXFileReference section */

/* Begin PBXFileSystemSynchronizedRootGroup section */
		A303B2292D5F148B008C16F0 /* alarm-play-app */ = {
			isa = PBXFileSystemSynchronizedRootGroup;
			path = "alarm-play-app";
			sourceTree = "<group>";
		};
		A303B23A2D5F148E008C16F0 /* alarm-play-appTests */ = {
			isa = PBXFileSystemSynchronizedRootGroup;
			path = "alarm-play-appTests";
			sourceTree = "<group>";
		};
		A303B2442D5F148E008C16F0 /* alarm-play-appUITests */ = {
			isa = PBXFileSystemSynchronizedRootGroup;
			path = "alarm-play-appUITests";
			sourceTree = "<group>";
		};
/* End PBXFileSystemSynchronizedRootGroup section */

/* Begin PBXFrameworksBuildPhase section */
		A303B2242D5F148B008C16F0 /* Frameworks */ = {
			isa = PBXFrameworksBuildPhase;
			buildActionMask = 2147483647;
			files = (
			);
			runOnlyForDeploymentPostprocessing = 0;
		};
		A303B2342D5F148E008C16F0 /* Frameworks */ = {
			isa = PBXFrameworksBuildPhase;
			buildActionMask = 2147483647;
			files = (
			);
			runOnlyForDeploymentPostprocessing = 0;
		};
		A303B23E2D5F148E008C16F0 /* Frameworks */ = {
			isa = PBXFrameworksBuildPhase;
			buildActionMask = 2147483647;
			files = (
			);
			runOnlyForDeploymentPostprocessing = 0;
		};
/* End PBXFrameworksBuildPhase section */

/* Begin PBXGroup section */
		A303B21E2D5F148B008C16F0 = {
			isa = PBXGroup;
			children = (
				A303B2292D5F148B008C16F0 /* alarm-play-app */,
				A303B23A2D5F148E008C16F0 /* alarm-play-appTests */,
				A303B2442D5F148E008C16F0 /* alarm-play-appUITests */,
				A303B2282D5F148B008C16F0 /* Products */,
			);
			sourceTree = "<group>";
		};
		A303B2282D5F148B008C16F0 /* Products */ = {
			isa = PBXGroup;
			children = (
				A303B2272D5F148B008C16F0 /* alarm-play-app.app */,
				A303B2372D5F148E008C16F0 /* alarm-play-appTests.xctest */,
				A303B2412D5F148E008C16F0 /* alarm-play-appUITests.xctest */,
			);
			name = Products;
			sourceTree = "<group>";
		};
/* End PBXGroup section */

/* Begin PBXNativeTarget section */
		A303B2262D5F148B008C16F0 /* alarm-play-app */ = {
			isa = PBXNativeTarget;
			buildConfigurationList = A303B24B2D5F148E008C16F0 /* Build configuration list for PBXNativeTarget "alarm-play-app" */;
			buildPhases = (
				A303B2232D5F148B008C16F0 /* Sources */,
				A303B2242D5F148B008C16F0 /* Frameworks */,
				A303B2252D5F148B008C16F0 /* Resources */,
			);
			buildRules = (
			);
			dependencies = (
			);
			fileSystemSynchronizedGroups = (
				A303B2292D5F148B008C16F0 /* alarm-play-app */,
			);
			name = "alarm-play-app";
			packageProductDependencies = (
			);
			productName = "alarm-play-app";
			productReference = A303B2272D5F148B008C16F0 /* alarm-play-app.app */;
			productType = "com.apple.product-type.application";
		};
		A303B2362D5F148E008C16F0 /* alarm-play-appTests */ = {
			isa = PBXNativeTarget;
			buildConfigurationList = A303B24E2D5F148E008C16F0 /* Build configuration list for PBXNativeTarget "alarm-play-appTests" */;
			buildPhases = (
				A303B2332D5F148E008C16F0 /* Sources */,
				A303B2342D5F148E008C16F0 /* Frameworks */,
				A303B2352D5F148E008C16F0 /* Resources */,
			);
			buildRules = (
			);
			dependencies = (
				A303B2392D5F148E008C16F0 /* PBXTargetDependency */,
			);
			fileSystemSynchronizedGroups = (
				A303B23A2D5F148E008C16F0 /* alarm-play-appTests */,
			);
			name = "alarm-play-appTests";
			packageProductDependencies = (
			);
			productName = "alarm-play-appTests";
			productReference = A303B2372D5F148E008C16F0 /* alarm-play-appTests.xctest */;
			productType = "com.apple.product-type.bundle.unit-test";
		};
		A303B2402D5F148E008C16F0 /* alarm-play-appUITests */ = {
			isa = PBXNativeTarget;
			buildConfigurationList = A303B2512D5F148E008C16F0 /* Build configuration list for PBXNativeTarget "alarm-play-appUITests" */;
			buildPhases = (
				A303B23D2D5F148E008C16F0 /* Sources */,
				A303B23E2D5F148E008C16F0 /* Frameworks */,
				A303B23F2D5F148E008C16F0 /* Resources */,
			);
			buildRules = (
			);
			dependencies = (
				A303B2432D5F148E008C16F0 /* PBXTargetDependency */,
			);
			fileSystemSynchronizedGroups = (
				A303B2442D5F148E008C16F0 /* alarm-play-appUITests */,
			);
			name = "alarm-play-appUITests";
			packageProductDependencies = (
			);
			productName = "alarm-play-appUITests";
			productReference = A303B2412D5F148E008C16F0 /* alarm-play-appUITests.xctest */;
			productType = "com.apple.product-type.bundle.ui-testing";
		};
/* End PBXNativeTarget section */

/* Begin PBXProject section */
		A303B21F2D5F148B008C16F0 /* Project object */ = {
			isa = PBXProject;
			attributes = {
				BuildIndependentTargetsInParallel = 1;
				LastSwiftUpdateCheck = 1620;
				LastUpgradeCheck = 1620;
				TargetAttributes = {
					A303B2262D5F148B008C16F0 = {
						CreatedOnToolsVersion = 16.2;
					};
					A303B2362D5F148E008C16F0 = {
						CreatedOnToolsVersion = 16.2;
						TestTargetID = A303B2262D5F148B008C16F0;
					};
					A303B2402D5F148E008C16F0 = {
						CreatedOnToolsVersion = 16.2;
						TestTargetID = A303B2262D5F148B008C16F0;
					};
				};
			};
			buildConfigurationList = A303B2222D5F148B008C16F0 /* Build configuration list for PBXProject "alarm-play-app" */;
			developmentRegion = en;
			hasScannedForEncodings = 0;
			knownRegions = (
				en,
				Base,
			);
			mainGroup = A303B21E2D5F148B008C16F0;
			minimizedProjectReferenceProxies = 1;
			preferredProjectObjectVersion = 77;
			productRefGroup = A303B2282D5F148B008C16F0 /* Products */;
			projectDirPath = "";
			projectRoot = "";
			targets = (
				A303B2262D5F148B008C16F0 /* alarm-play-app */,
				A303B2362D5F148E008C16F0 /* alarm-play-appTests */,
				A303B2402D5F148E008C16F0 /* alarm-play-appUITests */,
			);
		};
/* End PBXProject section */

/* Begin PBXResourcesBuildPhase section */
		A303B2252D5F148B008C16F0 /* Resources */ = {
			isa = PBXResourcesBuildPhase;
			buildActionMask = 2147483647;
			files = (
			);
			runOnlyForDeploymentPostprocessing = 0;
		};
		A303B2352D5F148E008C16F0 /* Resources */ = {
			isa = PBXResourcesBuildPhase;
			buildActionMask = 2147483647;
			files = (
			);
			runOnlyForDeploymentPostprocessing = 0;
		};
		A303B23F2D5F148E008C16F0 /* Resources */ = {
			isa = PBXResourcesBuildPhase;
			buildActionMask = 2147483647;
			files = (
			);
			runOnlyForDeploymentPostprocessing = 0;
		};
/* End PBXResourcesBuildPhase section */

/* Begin PBXSourcesBuildPhase section */
		A303B2232D5F148B008C16F0 /* Sources */ = {
			isa = PBXSourcesBuildPhase;
			buildActionMask = 2147483647;
			files = (
			);
			runOnlyForDeploymentPostprocessing = 0;
		};
		A303B2332D5F148E008C16F0 /* Sources */ = {
			isa = PBXSourcesBuildPhase;
			buildActionMask = 2147483647;
			files = (
			);
			runOnlyForDeploymentPostprocessing = 0;
		};
		A303B23D2D5F148E008C16F0 /* Sources */ = {
			isa = PBXSourcesBuildPhase;
			buildActionMask = 2147483647;
			files = (
			);
			runOnlyForDeploymentPostprocessing = 0;
		};
/* End PBXSourcesBuildPhase section */

/* Begin PBXTargetDependency section */
		A303B2392D5F148E008C16F0 /* PBXTargetDependency */ = {
			isa = PBXTargetDependency;
			target = A303B2262D5F148B008C16F0 /* alarm-play-app */;
			targetProxy = A303B2382D5F148E008C16F0 /* PBXContainerItemProxy */;
		};
		A303B2432D5F148E008C16F0 /* PBXTargetDependency */ = {
			isa = PBXTargetDependency;
			target = A303B2262D5F148B008C16F0 /* alarm-play-app */;
			targetProxy = A303B2422D5F148E008C16F0 /* PBXContainerItemProxy */;
		};
/* End PBXTargetDependency section */

/* Begin XCBuildConfiguration section */
		A303B2492D5F148E008C16F0 /* Debug */ = {
			isa = XCBuildConfiguration;
			buildSettings = {
				ALWAYS_SEARCH_USER_PATHS = NO;
				ASSETCATALOG_COMPILER_GENERATE_SWIFT_ASSET_SYMBOL_EXTENSIONS = YES;
				CLANG_ANALYZER_NONNULL = YES;
				CLANG_ANALYZER_NUMBER_OBJECT_CONVERSION = YES_AGGRESSIVE;
				CLANG_CXX_LANGUAGE_STANDARD = "gnu++20";
				CLANG_ENABLE_MODULES = YES;
				CLANG_ENABLE_OBJC_ARC = YES;
				CLANG_ENABLE_OBJC_WEAK = YES;
				CLANG_WARN_BLOCK_CAPTURE_AUTORELEASING = YES;
				CLANG_WARN_BOOL_CONVERSION = YES;
				CLANG_WARN_COMMA = YES;
				CLANG_WARN_CONSTANT_CONVERSION = YES;
				CLANG_WARN_DEPRECATED_OBJC_IMPLEMENTATIONS = YES;
				CLANG_WARN_DIRECT_OBJC_ISA_USAGE = YES_ERROR;
				CLANG_WARN_DOCUMENTATION_COMMENTS = YES;
				CLANG_WARN_EMPTY_BODY = YES;
				CLANG_WARN_ENUM_CONVERSION = YES;
				CLANG_WARN_INFINITE_RECURSION = YES;
				CLANG_WARN_INT_CONVERSION = YES;
				CLANG_WARN_NON_LITERAL_NULL_CONVERSION = YES;
				CLANG_WARN_OBJC_IMPLICIT_RETAIN_SELF = YES;
				CLANG_WARN_OBJC_LITERAL_CONVERSION = YES;
				CLANG_WARN_OBJC_ROOT_CLASS = YES_ERROR;
				CLANG_WARN_QUOTED_INCLUDE_IN_FRAMEWORK_HEADER = YES;
				CLANG_WARN_RANGE_LOOP_ANALYSIS = YES;
				CLANG_WARN_STRICT_PROTOTYPES = YES;
				CLANG_WARN_SUSPICIOUS_MOVE = YES;
				CLANG_WARN_UNGUARDED_AVAILABILITY = YES_AGGRESSIVE;
				CLANG_WARN_UNREACHABLE_CODE = YES;
				CLANG_WARN__DUPLICATE_METHOD_MATCH = YES;
				COPY_PHASE_STRIP = NO;
				DEBUG_INFORMATION_FORMAT = dwarf;
				ENABLE_STRICT_OBJC_MSGSEND = YES;
				ENABLE_TESTABILITY = YES;
				ENABLE_USER_SCRIPT_SANDBOXING = YES;
				GCC_C_LANGUAGE_STANDARD = gnu17;
				GCC_DYNAMIC_NO_PIC = NO;
				GCC_NO_COMMON_BLOCKS = YES;
				GCC_OPTIMIZATION_LEVEL = 0;
				GCC_PREPROCESSOR_DEFINITIONS = (
					"DEBUG=1",
					"$(inherited)",
				);
				GCC_WARN_64_TO_32_BIT_CONVERSION = YES;
				GCC_WARN_ABOUT_RETURN_TYPE = YES_ERROR;
				GCC_WARN_UNDECLARED_SELECTOR = YES;
				GCC_WARN_UNINITIALIZED_AUTOS = YES_AGGRESSIVE;
				GCC_WARN_UNUSED_FUNCTION = YES;
				GCC_WARN_UNUSED_VARIABLE = YES;
				IPHONEOS_DEPLOYMENT_TARGET = 18.2;
				LOCALIZATION_PREFERS_STRING_CATALOGS = YES;
				MTL_ENABLE_DEBUG_INFO = INCLUDE_SOURCE;
				MTL_FAST_MATH = YES;
				ONLY_ACTIVE_ARCH = YES;
				SDKROOT = iphoneos;
				SWIFT_ACTIVE_COMPILATION_CONDITIONS = "DEBUG $(inherited)";
				SWIFT_OPTIMIZATION_LEVEL = "-Onone";
			};
			name = Debug;
		};
		A303B24A2D5F148E008C16F0 /* Release */ = {
			isa = XCBuildConfiguration;
			buildSettings = {
				ALWAYS_SEARCH_USER_PATHS = NO;
				ASSETCATALOG_COMPILER_GENERATE_SWIFT_ASSET_SYMBOL_EXTENSIONS = YES;
				CLANG_ANALYZER_NONNULL = YES;
				CLANG_ANALYZER_NUMBER_OBJECT_CONVERSION = YES_AGGRESSIVE;
				CLANG_CXX_LANGUAGE_STANDARD = "gnu++20";
				CLANG_ENABLE_MODULES = YES;
				CLANG_ENABLE_OBJC_ARC = YES;
				CLANG_ENABLE_OBJC_WEAK = YES;
				CLANG_WARN_BLOCK_CAPTURE_AUTORELEASING = YES;
				CLANG_WARN_BOOL_CONVERSION = YES;
				CLANG_WARN_COMMA = YES;
				CLANG_WARN_CONSTANT_CONVERSION = YES;
				CLANG_WARN_DEPRECATED_OBJC_IMPLEMENTATIONS = YES;
				CLANG_WARN_DIRECT_OBJC_ISA_USAGE = YES_ERROR;
				CLANG_WARN_DOCUMENTATION_COMMENTS = YES;
				CLANG_WARN_EMPTY_BODY = YES;
				CLANG_WARN_ENUM_CONVERSION = YES;
				CLANG_WARN_INFINITE_RECURSION = YES;
				CLANG_WARN_INT_CONVERSION = YES;
				CLANG_WARN_NON_LITERAL_NULL_CONVERSION = YES;
				CLANG_WARN_OBJC_IMPLICIT_RETAIN_SELF = YES;
				CLANG_WARN_OBJC_LITERAL_CONVERSION = YES;
				CLANG_WARN_OBJC_ROOT_CLASS = YES_ERROR;
				CLANG_WARN_QUOTED_INCLUDE_IN_FRAMEWORK_HEADER = YES;
				CLANG_WARN_RANGE_LOOP_ANALYSIS = YES;
				CLANG_WARN_STRICT_PROTOTYPES = YES;
				CLANG_WARN_SUSPICIOUS_MOVE = YES;
				CLANG_WARN_UNGUARDED_AVAILABILITY = YES_AGGRESSIVE;
				CLANG_WARN_UNREACHABLE_CODE = YES;
				CLANG_WARN__DUPLICATE_METHOD_MATCH = YES;
				COPY_PHASE_STRIP = NO;
				DEBUG_INFORMATION_FORMAT = "dwarf-with-dsym";
				ENABLE_NS_ASSERTIONS = NO;
				ENABLE_STRICT_OBJC_MSGSEND = YES;
				ENABLE_USER_SCRIPT_SANDBOXING = YES;
				GCC_C_LANGUAGE_STANDARD = gnu17;
				GCC_NO_COMMON_BLOCKS = YES;
				GCC_WARN_64_TO_32_BIT_CONVERSION = YES;
				GCC_WARN_ABOUT_RETURN_TYPE = YES_ERROR;
				GCC_WARN_UNDECLARED_SELECTOR = YES;
				GCC_WARN_UNINITIALIZED_AUTOS = YES_AGGRESSIVE;
				GCC_WARN_UNUSED_FUNCTION = YES;
				GCC_WARN_UNUSED_VARIABLE = YES;
				IPHONEOS_DEPLOYMENT_TARGET = 18.2;
				LOCALIZATION_PREFERS_STRING_CATALOGS = YES;
				MTL_ENABLE_DEBUG_INFO = NO;
				MTL_FAST_MATH = YES;
				SDKROOT = iphoneos;
				SWIFT_COMPILATION_MODE = wholemodule;
				VALIDATE_PRODUCT = YES;
			};
			name = Release;
		};
		A303B24C2D5F148E008C16F0 /* Debug */ = {
			isa = XCBuildConfiguration;
			buildSettings = {
				ASSETCATALOG_COMPILER_APPICON_NAME = AppIcon;
				ASSETCATALOG_COMPILER_GLOBAL_ACCENT_COLOR_NAME = AccentColor;
				CODE_SIGN_STYLE = Automatic;
				CURRENT_PROJECT_VERSION = 1;
				DEVELOPMENT_ASSET_PATHS = "\"alarm-play-app/Preview Content\"";
				ENABLE_PREVIEWS = YES;
				GENERATE_INFOPLIST_FILE = YES;
				INFOPLIST_KEY_UIApplicationSceneManifest_Generation = YES;
				INFOPLIST_KEY_UIApplicationSupportsIndirectInputEvents = YES;
				INFOPLIST_KEY_UILaunchScreen_Generation = YES;
				INFOPLIST_KEY_UISupportedInterfaceOrientations_iPad = "UIInterfaceOrientationPortrait UIInterfaceOrientationPortraitUpsideDown UIInterfaceOrientationLandscapeLeft UIInterfaceOrientationLandscapeRight";
				INFOPLIST_KEY_UISupportedInterfaceOrientations_iPhone = "UIInterfaceOrientationPortrait UIInterfaceOrientationLandscapeLeft UIInterfaceOrientationLandscapeRight";
				LD_RUNPATH_SEARCH_PATHS = (
					"$(inherited)",
					"@executable_path/Frameworks",
				);
				MARKETING_VERSION = 1.0;
				PRODUCT_BUNDLE_IDENTIFIER = "com.tree.alarm.alarm-play-app";
				PRODUCT_NAME = "$(TARGET_NAME)";
				SWIFT_EMIT_LOC_STRINGS = YES;
				SWIFT_VERSION = 5.0;
				TARGETED_DEVICE_FAMILY = "1,2";
			};
			name = Debug;
		};
		A303B24D2D5F148E008C16F0 /* Release */ = {
			isa = XCBuildConfiguration;
			buildSettings = {
				ASSETCATALOG_COMPILER_APPICON_NAME = AppIcon;
				ASSETCATALOG_COMPILER_GLOBAL_ACCENT_COLOR_NAME = AccentColor;
				CODE_SIGN_STYLE = Automatic;
				CURRENT_PROJECT_VERSION = 1;
				DEVELOPMENT_ASSET_PATHS = "\"alarm-play-app/Preview Content\"";
				ENABLE_PREVIEWS = YES;
				GENERATE_INFOPLIST_FILE = YES;
				INFOPLIST_KEY_UIApplicationSceneManifest_Generation = YES;
				INFOPLIST_KEY_UIApplicationSupportsIndirectInputEvents = YES;
				INFOPLIST_KEY_UILaunchScreen_Generation = YES;
				INFOPLIST_KEY_UISupportedInterfaceOrientations_iPad = "UIInterfaceOrientationPortrait UIInterfaceOrientationPortraitUpsideDown UIInterfaceOrientationLandscapeLeft UIInterfaceOrientationLandscapeRight";
				INFOPLIST_KEY_UISupportedInterfaceOrientations_iPhone = "UIInterfaceOrientationPortrait UIInterfaceOrientationLandscapeLeft UIInterfaceOrientationLandscapeRight";
				LD_RUNPATH_SEARCH_PATHS = (
					"$(inherited)",
					"@executable_path/Frameworks",
				);
				MARKETING_VERSION = 1.0;
				PRODUCT_BUNDLE_IDENTIFIER = "com.tree.alarm.alarm-play-app";
				PRODUCT_NAME = "$(TARGET_NAME)";
				SWIFT_EMIT_LOC_STRINGS = YES;
				SWIFT_VERSION = 5.0;
				TARGETED_DEVICE_FAMILY = "1,2";
			};
			name = Release;
		};
		A303B24F2D5F148E008C16F0 /* Debug */ = {
			isa = XCBuildConfiguration;
			buildSettings = {
				BUNDLE_LOADER = "$(TEST_HOST)";
				CODE_SIGN_STYLE = Automatic;
				CURRENT_PROJECT_VERSION = 1;
				GENERATE_INFOPLIST_FILE = YES;
				IPHONEOS_DEPLOYMENT_TARGET = 18.2;
				MARKETING_VERSION = 1.0;
				PRODUCT_BUNDLE_IDENTIFIER = "com.tree.alarm.alarm-play-appTests";
				PRODUCT_NAME = "$(TARGET_NAME)";
				SWIFT_EMIT_LOC_STRINGS = NO;
				SWIFT_VERSION = 5.0;
				TARGETED_DEVICE_FAMILY = "1,2";
				TEST_HOST = "$(BUILT_PRODUCTS_DIR)/alarm-play-app.app/$(BUNDLE_EXECUTABLE_FOLDER_PATH)/alarm-play-app";
			};
			name = Debug;
		};
		A303B2502D5F148E008C16F0 /* Release */ = {
			isa = XCBuildConfiguration;
			buildSettings = {
				BUNDLE_LOADER = "$(TEST_HOST)";
				CODE_SIGN_STYLE = Automatic;
				CURRENT_PROJECT_VERSION = 1;
				GENERATE_INFOPLIST_FILE = YES;
				IPHONEOS_DEPLOYMENT_TARGET = 18.2;
				MARKETING_VERSION = 1.0;
				PRODUCT_BUNDLE_IDENTIFIER = "com.tree.alarm.alarm-play-appTests";
				PRODUCT_NAME = "$(TARGET_NAME)";
				SWIFT_EMIT_LOC_STRINGS = NO;
				SWIFT_VERSION = 5.0;
				TARGETED_DEVICE_FAMILY = "1,2";
				TEST_HOST = "$(BUILT_PRODUCTS_DIR)/alarm-play-app.app/$(BUNDLE_EXECUTABLE_FOLDER_PATH)/alarm-play-app";
			};
			name = Release;
		};
		A303B2522D5F148E008C16F0 /* Debug */ = {
			isa = XCBuildConfiguration;
			buildSettings = {
				CODE_SIGN_STYLE = Automatic;
				CURRENT_PROJECT_VERSION = 1;
				GENERATE_INFOPLIST_FILE = YES;
				MARKETING_VERSION = 1.0;
				PRODUCT_BUNDLE_IDENTIFIER = "com.tree.alarm.alarm-play-appUITests";
				PRODUCT_NAME = "$(TARGET_NAME)";
				SWIFT_EMIT_LOC_STRINGS = NO;
				SWIFT_VERSION = 5.0;
				TARGETED_DEVICE_FAMILY = "1,2";
				TEST_TARGET_NAME = "alarm-play-app";
			};
			name = Debug;
		};
		A303B2532D5F148E008C16F0 /* Release */ = {
			isa = XCBuildConfiguration;
			buildSettings = {
				CODE_SIGN_STYLE = Automatic;
				CURRENT_PROJECT_VERSION = 1;
				GENERATE_INFOPLIST_FILE = YES;
				MARKETING_VERSION = 1.0;
				PRODUCT_BUNDLE_IDENTIFIER = "com.tree.alarm.alarm-play-appUITests";
				PRODUCT_NAME = "$(TARGET_NAME)";
				SWIFT_EMIT_LOC_STRINGS = NO;
				SWIFT_VERSION = 5.0;
				TARGETED_DEVICE_FAMILY = "1,2";
				TEST_TARGET_NAME = "alarm-play-app";
			};
			name = Release;
		};
/* End XCBuildConfiguration section */

/* Begin XCConfigurationList section */
		A303B2222D5F148B008C16F0 /* Build configuration list for PBXProject "alarm-play-app" */ = {
			isa = XCConfigurationList;
			buildConfigurations = (
				A303B2492D5F148E008C16F0 /* Debug */,
				A303B24A2D5F148E008C16F0 /* Release */,
			);
			defaultConfigurationIsVisible = 0;
			defaultConfigurationName = Release;
		};
		A303B24B2D5F148E008C16F0 /* Build configuration list for PBXNativeTarget "alarm-play-app" */ = {
			isa = XCConfigurationList;
			buildConfigurations = (
				A303B24C2D5F148E008C16F0 /* Debug */,
				A303B24D2D5F148E008C16F0 /* Release */,
			);
			defaultConfigurationIsVisible = 0;
			defaultConfigurationName = Release;
		};
		A303B24E2D5F148E008C16F0 /* Build configuration list for PBXNativeTarget "alarm-play-appTests" */ = {
			isa = XCConfigurationList;
			buildConfigurations = (
				A303B24F2D5F148E008C16F0 /* Debug */,
				A303B2502D5F148E008C16F0 /* Release */,
			);
			defaultConfigurationIsVisible = 0;
			defaultConfigurationName = Release;
		};
		A303B2512D5F148E008C16F0 /* Build configuration list for PBXNativeTarget "alarm-play-appUITests" */ = {
			isa = XCConfigurationList;
			buildConfigurations = (
				A303B2522D5F148E008C16F0 /* Debug */,
				A303B2532D5F148E008C16F0 /* Release */,
			);
			defaultConfigurationIsVisible = 0;
			defaultConfigurationName = Release;
		};
/* End XCConfigurationList section */
	};
	rootObject = A303B21F2D5F148B008C16F0 /* Project object */;
}
